// !$*UTF8*$!
{
	archiveVersion = 1;
	classes = {
	};
	objectVersion = 56;
	objects = {

/* Begin PBXBuildFile section */
		704829D329717D2D00402EB8 /* GEnum.swift in Sources */ = {isa = PBXBuildFile; fileRef = 704829D229717D2D00402EB8 /* GEnum.swift */; };
		707E124829FBA88E00282A2E /* ChaGPTViewModel.swift in Sources */ = {isa = PBXBuildFile; fileRef = 707E124729FBA88E00282A2E /* ChaGPTViewModel.swift */; };
		707E124B29FBA8D900282A2E /* ChatGPTSwift in Frameworks */ = {isa = PBXBuildFile; productRef = 707E124A29FBA8D900282A2E /* ChatGPTSwift */; };
		707E124D29FBAAD700282A2E /* ChatMessageModel.swift in Sources */ = {isa = PBXBuildFile; fileRef = 707E124C29FBAAD700282A2E /* ChatMessageModel.swift */; };
		707E124F29FBAC6900282A2E /* ChatGPTTextView.swift in Sources */ = {isa = PBXBuildFile; fileRef = 707E124E29FBAC6900282A2E /* ChatGPTTextView.swift */; };
		707E125129FBAE9700282A2E /* GVariables.swift in Sources */ = {isa = PBXBuildFile; fileRef = 707E125029FBAE9700282A2E /* GVariables.swift */; };
		70EE4CD92971698400DAFB02 /* OpenArtificial_intelligenceApp.swift in Sources */ = {isa = PBXBuildFile; fileRef = 70EE4CD82971698400DAFB02 /* OpenArtificial_intelligenceApp.swift */; };
		70EE4CDD2971698500DAFB02 /* Assets.xcassets in Resources */ = {isa = PBXBuildFile; fileRef = 70EE4CDC2971698500DAFB02 /* Assets.xcassets */; };
		70EE4CE02971698500DAFB02 /* Preview Assets.xcassets in Resources */ = {isa = PBXBuildFile; fileRef = 70EE4CDF2971698500DAFB02 /* Preview Assets.xcassets */; };
		70EE4CEC297169F200DAFB02 /* OpenAIRootView.swift in Sources */ = {isa = PBXBuildFile; fileRef = 70EE4CEB297169F200DAFB02 /* OpenAIRootView.swift */; };
		70EE4CF529716B3F00DAFB02 /* DallE2View.swift in Sources */ = {isa = PBXBuildFile; fileRef = 70EE4CF429716B3F00DAFB02 /* DallE2View.swift */; };
		70EE4CF729716B9D00DAFB02 /* DallE2OpenAiViewModel.swift in Sources */ = {isa = PBXBuildFile; fileRef = 70EE4CF629716B9D00DAFB02 /* DallE2OpenAiViewModel.swift */; };
		70EE4CFA29716BCB00DAFB02 /* OpenAIKit in Frameworks */ = {isa = PBXBuildFile; productRef = 70EE4CF929716BCB00DAFB02 /* OpenAIKit */; };
/* End PBXBuildFile section */

/* Begin PBXFileReference section */
		704829D229717D2D00402EB8 /* GEnum.swift */ = {isa = PBXFileReference; lastKnownFileType = sourcecode.swift; path = GEnum.swift; sourceTree = "<group>"; };
		707E124729FBA88E00282A2E /* ChaGPTViewModel.swift */ = {isa = PBXFileReference; lastKnownFileType = sourcecode.swift; path = ChaGPTViewModel.swift; sourceTree = "<group>"; };
		707E124C29FBAAD700282A2E /* ChatMessageModel.swift */ = {isa = PBXFileReference; lastKnownFileType = sourcecode.swift; path = ChatMessageModel.swift; sourceTree = "<group>"; };
		707E124E29FBAC6900282A2E /* ChatGPTTextView.swift */ = {isa = PBXFileReference; lastKnownFileType = sourcecode.swift; path = ChatGPTTextView.swift; sourceTree = "<group>"; };
		707E125029FBAE9700282A2E /* GVariables.swift */ = {isa = PBXFileReference; lastKnownFileType = sourcecode.swift; path = GVariables.swift; sourceTree = "<group>"; };
		70EE4CD52971698400DAFB02 /* OpenArtificial intelligence.app */ = {isa = PBXFileReference; explicitFileType = wrapper.application; includeInIndex = 0; path = "OpenArtificial intelligence.app"; sourceTree = BUILT_PRODUCTS_DIR; };
		70EE4CD82971698400DAFB02 /* OpenArtificial_intelligenceApp.swift */ = {isa = PBXFileReference; lastKnownFileType = sourcecode.swift; path = OpenArtificial_intelligenceApp.swift; sourceTree = "<group>"; };
		70EE4CDC2971698500DAFB02 /* Assets.xcassets */ = {isa = PBXFileReference; lastKnownFileType = folder.assetcatalog; path = Assets.xcassets; sourceTree = "<group>"; };
		70EE4CDF2971698500DAFB02 /* Preview Assets.xcassets */ = {isa = PBXFileReference; lastKnownFileType = folder.assetcatalog; path = "Preview Assets.xcassets"; sourceTree = "<group>"; };
		70EE4CEB297169F200DAFB02 /* OpenAIRootView.swift */ = {isa = PBXFileReference; lastKnownFileType = sourcecode.swift; path = OpenAIRootView.swift; sourceTree = "<group>"; };
		70EE4CF429716B3F00DAFB02 /* DallE2View.swift */ = {isa = PBXFileReference; lastKnownFileType = sourcecode.swift; path = DallE2View.swift; sourceTree = "<group>"; };
		70EE4CF629716B9D00DAFB02 /* DallE2OpenAiViewModel.swift */ = {isa = PBXFileReference; lastKnownFileType = sourcecode.swift; path = DallE2OpenAiViewModel.swift; sourceTree = "<group>"; };
/* End PBXFileReference section */

/* Begin PBXFrameworksBuildPhase section */
		70EE4CD22971698400DAFB02 /* Frameworks */ = {
			isa = PBXFrameworksBuildPhase;
			buildActionMask = 2147483647;
			files = (
				707E124B29FBA8D900282A2E /* ChatGPTSwift in Frameworks */,
				70EE4CFA29716BCB00DAFB02 /* OpenAIKit in Frameworks */,
			);
			runOnlyForDeploymentPostprocessing = 0;
		};
/* End PBXFrameworksBuildPhase section */

/* Begin PBXGroup section */
		707E124629FBA83A00282A2E /* ViewModel */ = {
			isa = PBXGroup;
			children = (
				707E124729FBA88E00282A2E /* ChaGPTViewModel.swift */,
			);
			path = ViewModel;
			sourceTree = "<group>";
		};
		70EE4CCC2971698400DAFB02 = {
			isa = PBXGroup;
			children = (
				70EE4CD72971698400DAFB02 /* OpenArtificial intelligence */,
				70EE4CD62971698400DAFB02 /* Products */,
			);
			sourceTree = "<group>";
		};
		70EE4CD62971698400DAFB02 /* Products */ = {
			isa = PBXGroup;
			children = (
				70EE4CD52971698400DAFB02 /* OpenArtificial intelligence.app */,
			);
			name = Products;
			sourceTree = "<group>";
		};
		70EE4CD72971698400DAFB02 /* OpenArtificial intelligence */ = {
			isa = PBXGroup;
			children = (
				70EE4CEA297169C300DAFB02 /* Base */,
				70EE4CE8297169AD00DAFB02 /* Resources */,
				70EE4CE7297169A800DAFB02 /* Model */,
				70EE4CE62971699F00DAFB02 /* View */,
				70EE4CDE2971698500DAFB02 /* Preview Content */,
			);
			path = "OpenArtificial intelligence";
			sourceTree = "<group>";
		};
		70EE4CDE2971698500DAFB02 /* Preview Content */ = {
			isa = PBXGroup;
			children = (
				70EE4CDF2971698500DAFB02 /* Preview Assets.xcassets */,
			);
			path = "Preview Content";
			sourceTree = "<group>";
		};
		70EE4CE62971699F00DAFB02 /* View */ = {
			isa = PBXGroup;
			children = (
				70EE4CEB297169F200DAFB02 /* OpenAIRootView.swift */,
				70EE4CED29716A7700DAFB02 /* TabView */,
			);
			path = View;
			sourceTree = "<group>";
		};
		70EE4CE7297169A800DAFB02 /* Model */ = {
			isa = PBXGroup;
			children = (
				707E124C29FBAAD700282A2E /* ChatMessageModel.swift */,
			);
			path = Model;
			sourceTree = "<group>";
		};
		70EE4CE8297169AD00DAFB02 /* Resources */ = {
			isa = PBXGroup;
			children = (
				70EE4CE9297169B400DAFB02 /* Assets */,
				704829D229717D2D00402EB8 /* GEnum.swift */,
				707E125029FBAE9700282A2E /* GVariables.swift */,
			);
			path = Resources;
			sourceTree = "<group>";
		};
		70EE4CE9297169B400DAFB02 /* Assets */ = {
			isa = PBXGroup;
			children = (
				70EE4CDC2971698500DAFB02 /* Assets.xcassets */,
			);
			path = Assets;
			sourceTree = "<group>";
		};
		70EE4CEA297169C300DAFB02 /* Base */ = {
			isa = PBXGroup;
			children = (
				70EE4CD82971698400DAFB02 /* OpenArtificial_intelligenceApp.swift */,
			);
			path = Base;
			sourceTree = "<group>";
		};
		70EE4CED29716A7700DAFB02 /* TabView */ = {
			isa = PBXGroup;
			children = (
				70EE4CEE29716A8700DAFB02 /* ChatGPT */,
				70EE4CEF29716A8E00DAFB02 /* DALL-E-2 */,
			);
			path = TabView;
			sourceTree = "<group>";
		};
		70EE4CEE29716A8700DAFB02 /* ChatGPT */ = {
			isa = PBXGroup;
			children = (
				707E124629FBA83A00282A2E /* ViewModel */,
				707E124E29FBAC6900282A2E /* ChatGPTTextView.swift */,
			);
			path = ChatGPT;
			sourceTree = "<group>";
		};
		70EE4CEF29716A8E00DAFB02 /* DALL-E-2 */ = {
			isa = PBXGroup;
			children = (
				70EE4CF329716B2000DAFB02 /* ViewModel */,
				70EE4CF429716B3F00DAFB02 /* DallE2View.swift */,
			);
			path = "DALL-E-2";
			sourceTree = "<group>";
		};
		70EE4CF329716B2000DAFB02 /* ViewModel */ = {
			isa = PBXGroup;
			children = (
				70EE4CF629716B9D00DAFB02 /* DallE2OpenAiViewModel.swift */,
			);
			path = ViewModel;
			sourceTree = "<group>";
		};
/* End PBXGroup section */

/* Begin PBXNativeTarget section */
		70EE4CD42971698400DAFB02 /* OpenArtificial intelligence */ = {
			isa = PBXNativeTarget;
			buildConfigurationList = 70EE4CE32971698500DAFB02 /* Build configuration list for PBXNativeTarget "OpenArtificial intelligence" */;
			buildPhases = (
				70EE4CD12971698400DAFB02 /* Sources */,
				70EE4CD22971698400DAFB02 /* Frameworks */,
				70EE4CD32971698400DAFB02 /* Resources */,
			);
			buildRules = (
			);
			dependencies = (
			);
			name = "OpenArtificial intelligence";
			packageProductDependencies = (
				70EE4CF929716BCB00DAFB02 /* OpenAIKit */,
				707E124A29FBA8D900282A2E /* ChatGPTSwift */,
			);
			productName = "OpenArtificial intelligence";
			productReference = 70EE4CD52971698400DAFB02 /* OpenArtificial intelligence.app */;
			productType = "com.apple.product-type.application";
		};
/* End PBXNativeTarget section */

/* Begin PBXProject section */
		70EE4CCD2971698400DAFB02 /* Project object */ = {
			isa = PBXProject;
			attributes = {
				BuildIndependentTargetsInParallel = 1;
				LastSwiftUpdateCheck = 1410;
				LastUpgradeCheck = 1410;
				TargetAttributes = {
					70EE4CD42971698400DAFB02 = {
						CreatedOnToolsVersion = 14.1;
					};
				};
			};
			buildConfigurationList = 70EE4CD02971698400DAFB02 /* Build configuration list for PBXProject "OpenArtificial intelligence" */;
			compatibilityVersion = "Xcode 14.0";
			developmentRegion = en;
			hasScannedForEncodings = 0;
			knownRegions = (
				en,
				Base,
			);
			mainGroup = 70EE4CCC2971698400DAFB02;
			packageReferences = (
				70EE4CF829716BCB00DAFB02 /* XCRemoteSwiftPackageReference "OpenAIKit" */,
				707E124929FBA8D900282A2E /* XCRemoteSwiftPackageReference "ChatGPTSwift" */,
			);
			productRefGroup = 70EE4CD62971698400DAFB02 /* Products */;
			projectDirPath = "";
			projectRoot = "";
			targets = (
				70EE4CD42971698400DAFB02 /* OpenArtificial intelligence */,
			);
		};
/* End PBXProject section */

/* Begin PBXResourcesBuildPhase section */
		70EE4CD32971698400DAFB02 /* Resources */ = {
			isa = PBXResourcesBuildPhase;
			buildActionMask = 2147483647;
			files = (
				70EE4CE02971698500DAFB02 /* Preview Assets.xcassets in Resources */,
				70EE4CDD2971698500DAFB02 /* Assets.xcassets in Resources */,
			);
			runOnlyForDeploymentPostprocessing = 0;
		};
/* End PBXResourcesBuildPhase section */

/* Begin PBXSourcesBuildPhase section */
		70EE4CD12971698400DAFB02 /* Sources */ = {
			isa = PBXSourcesBuildPhase;
			buildActionMask = 2147483647;
			files = (
				70EE4CD92971698400DAFB02 /* OpenArtificial_intelligenceApp.swift in Sources */,
				70EE4CF729716B9D00DAFB02 /* DallE2OpenAiViewModel.swift in Sources */,
				707E125129FBAE9700282A2E /* GVariables.swift in Sources */,
				707E124829FBA88E00282A2E /* ChaGPTViewModel.swift in Sources */,
				70EE4CEC297169F200DAFB02 /* OpenAIRootView.swift in Sources */,
				704829D329717D2D00402EB8 /* GEnum.swift in Sources */,
				70EE4CF529716B3F00DAFB02 /* DallE2View.swift in Sources */,
				707E124F29FBAC6900282A2E /* ChatGPTTextView.swift in Sources */,
				707E124D29FBAAD700282A2E /* ChatMessageModel.swift in Sources */,
			);
			runOnlyForDeploymentPostprocessing = 0;
		};
/* End PBXSourcesBuildPhase section */

/* Begin XCBuildConfiguration section */
		70EE4CE12971698500DAFB02 /* Debug */ = {
			isa = XCBuildConfiguration;
			buildSettings = {
				ALWAYS_SEARCH_USER_PATHS = NO;
				CLANG_ANALYZER_NONNULL = YES;
				CLANG_ANALYZER_NUMBER_OBJECT_CONVERSION = YES_AGGRESSIVE;
				CLANG_CXX_LANGUAGE_STANDARD = "gnu++20";
				CLANG_ENABLE_MODULES = YES;
				CLANG_ENABLE_OBJC_ARC = YES;
				CLANG_ENABLE_OBJC_WEAK = YES;
				CLANG_WARN_BLOCK_CAPTURE_AUTORELEASING = YES;
				CLANG_WARN_BOOL_CONVERSION = YES;
				CLANG_WARN_COMMA = YES;
				CLANG_WARN_CONSTANT_CONVERSION = YES;
				CLANG_WARN_DEPRECATED_OBJC_IMPLEMENTATIONS = YES;
				CLANG_WARN_DIRECT_OBJC_ISA_USAGE = YES_ERROR;
				CLANG_WARN_DOCUMENTATION_COMMENTS = YES;
				CLANG_WARN_EMPTY_BODY = YES;
				CLANG_WARN_ENUM_CONVERSION = YES;
				CLANG_WARN_INFINITE_RECURSION = YES;
				CLANG_WARN_INT_CONVERSION = YES;
				CLANG_WARN_NON_LITERAL_NULL_CONVERSION = YES;
				CLANG_WARN_OBJC_IMPLICIT_RETAIN_SELF = YES;
				CLANG_WARN_OBJC_LITERAL_CONVERSION = YES;
				CLANG_WARN_OBJC_ROOT_CLASS = YES_ERROR;
				CLANG_WARN_QUOTED_INCLUDE_IN_FRAMEWORK_HEADER = YES;
				CLANG_WARN_RANGE_LOOP_ANALYSIS = YES;
				CLANG_WARN_STRICT_PROTOTYPES = YES;
				CLANG_WARN_SUSPICIOUS_MOVE = YES;
				CLANG_WARN_UNGUARDED_AVAILABILITY = YES_AGGRESSIVE;
				CLANG_WARN_UNREACHABLE_CODE = YES;
				CLANG_WARN__DUPLICATE_METHOD_MATCH = YES;
				COPY_PHASE_STRIP = NO;
				DEBUG_INFORMATION_FORMAT = dwarf;
				ENABLE_STRICT_OBJC_MSGSEND = YES;
				ENABLE_TESTABILITY = YES;
				GCC_C_LANGUAGE_STANDARD = gnu11;
				GCC_DYNAMIC_NO_PIC = NO;
				GCC_NO_COMMON_BLOCKS = YES;
				GCC_OPTIMIZATION_LEVEL = 0;
				GCC_PREPROCESSOR_DEFINITIONS = (
					"DEBUG=1",
					"$(inherited)",
				);
				GCC_WARN_64_TO_32_BIT_CONVERSION = YES;
				GCC_WARN_ABOUT_RETURN_TYPE = YES_ERROR;
				GCC_WARN_UNDECLARED_SELECTOR = YES;
				GCC_WARN_UNINITIALIZED_AUTOS = YES_AGGRESSIVE;
				GCC_WARN_UNUSED_FUNCTION = YES;
				GCC_WARN_UNUSED_VARIABLE = YES;
				IPHONEOS_DEPLOYMENT_TARGET = 16.1;
				MTL_ENABLE_DEBUG_INFO = INCLUDE_SOURCE;
				MTL_FAST_MATH = YES;
				ONLY_ACTIVE_ARCH = YES;
				SDKROOT = iphoneos;
				SWIFT_ACTIVE_COMPILATION_CONDITIONS = DEBUG;
				SWIFT_OPTIMIZATION_LEVEL = "-Onone";
			};
			name = Debug;
		};
		70EE4CE22971698500DAFB02 /* Release */ = {
			isa = XCBuildConfiguration;
			buildSettings = {
				ALWAYS_SEARCH_USER_PATHS = NO;
				CLANG_ANALYZER_NONNULL = YES;
				CLANG_ANALYZER_NUMBER_OBJECT_CONVERSION = YES_AGGRESSIVE;
				CLANG_CXX_LANGUAGE_STANDARD = "gnu++20";
				CLANG_ENABLE_MODULES = YES;
				CLANG_ENABLE_OBJC_ARC = YES;
				CLANG_ENABLE_OBJC_WEAK = YES;
				CLANG_WARN_BLOCK_CAPTURE_AUTORELEASING = YES;
				CLANG_WARN_BOOL_CONVERSION = YES;
				CLANG_WARN_COMMA = YES;
				CLANG_WARN_CONSTANT_CONVERSION = YES;
				CLANG_WARN_DEPRECATED_OBJC_IMPLEMENTATIONS = YES;
				CLANG_WARN_DIRECT_OBJC_ISA_USAGE = YES_ERROR;
				CLANG_WARN_DOCUMENTATION_COMMENTS = YES;
				CLANG_WARN_EMPTY_BODY = YES;
				CLANG_WARN_ENUM_CONVERSION = YES;
				CLANG_WARN_INFINITE_RECURSION = YES;
				CLANG_WARN_INT_CONVERSION = YES;
				CLANG_WARN_NON_LITERAL_NULL_CONVERSION = YES;
				CLANG_WARN_OBJC_IMPLICIT_RETAIN_SELF = YES;
				CLANG_WARN_OBJC_LITERAL_CONVERSION = YES;
				CLANG_WARN_OBJC_ROOT_CLASS = YES_ERROR;
				CLANG_WARN_QUOTED_INCLUDE_IN_FRAMEWORK_HEADER = YES;
				CLANG_WARN_RANGE_LOOP_ANALYSIS = YES;
				CLANG_WARN_STRICT_PROTOTYPES = YES;
				CLANG_WARN_SUSPICIOUS_MOVE = YES;
				CLANG_WARN_UNGUARDED_AVAILABILITY = YES_AGGRESSIVE;
				CLANG_WARN_UNREACHABLE_CODE = YES;
				CLANG_WARN__DUPLICATE_METHOD_MATCH = YES;
				COPY_PHASE_STRIP = NO;
				DEBUG_INFORMATION_FORMAT = "dwarf-with-dsym";
				ENABLE_NS_ASSERTIONS = NO;
				ENABLE_STRICT_OBJC_MSGSEND = YES;
				GCC_C_LANGUAGE_STANDARD = gnu11;
				GCC_NO_COMMON_BLOCKS = YES;
				GCC_WARN_64_TO_32_BIT_CONVERSION = YES;
				GCC_WARN_ABOUT_RETURN_TYPE = YES_ERROR;
				GCC_WARN_UNDECLARED_SELECTOR = YES;
				GCC_WARN_UNINITIALIZED_AUTOS = YES_AGGRESSIVE;
				GCC_WARN_UNUSED_FUNCTION = YES;
				GCC_WARN_UNUSED_VARIABLE = YES;
				IPHONEOS_DEPLOYMENT_TARGET = 16.1;
				MTL_ENABLE_DEBUG_INFO = NO;
				MTL_FAST_MATH = YES;
				SDKROOT = iphoneos;
				SWIFT_COMPILATION_MODE = wholemodule;
				SWIFT_OPTIMIZATION_LEVEL = "-O";
				VALIDATE_PRODUCT = YES;
			};
			name = Release;
		};
		70EE4CE42971698500DAFB02 /* Debug */ = {
			isa = XCBuildConfiguration;
			buildSettings = {
				ASSETCATALOG_COMPILER_APPICON_NAME = AppIcon;
				ASSETCATALOG_COMPILER_GLOBAL_ACCENT_COLOR_NAME = AccentColor;
				CODE_SIGN_STYLE = Automatic;
				CURRENT_PROJECT_VERSION = 1;
				DEVELOPMENT_ASSET_PATHS = "\"OpenArtificial intelligence/Preview Content\"";
				ENABLE_PREVIEWS = YES;
				GENERATE_INFOPLIST_FILE = YES;
				INFOPLIST_KEY_CFBundleDisplayName = "Open AI";
				INFOPLIST_KEY_UIApplicationSceneManifest_Generation = YES;
				INFOPLIST_KEY_UIApplicationSupportsIndirectInputEvents = YES;
				INFOPLIST_KEY_UILaunchScreen_Generation = YES;
				INFOPLIST_KEY_UISupportedInterfaceOrientations_iPad = "UIInterfaceOrientationPortrait UIInterfaceOrientationPortraitUpsideDown UIInterfaceOrientationLandscapeLeft UIInterfaceOrientationLandscapeRight";
				INFOPLIST_KEY_UISupportedInterfaceOrientations_iPhone = "UIInterfaceOrientationPortrait UIInterfaceOrientationLandscapeLeft UIInterfaceOrientationLandscapeRight";
				LD_RUNPATH_SEARCH_PATHS = (
					"$(inherited)",
					"@executable_path/Frameworks",
				);
				MARKETING_VERSION = 1.0;
				PRODUCT_BUNDLE_IDENTIFIER = "viewconroller.OpenArtificial-intelligence";
				PRODUCT_NAME = "$(TARGET_NAME)";
				SWIFT_EMIT_LOC_STRINGS = YES;
				SWIFT_VERSION = 5.0;
				TARGETED_DEVICE_FAMILY = "1,2";
			};
			name = Debug;
		};
		70EE4CE52971698500DAFB02 /* Release */ = {
			isa = XCBuildConfiguration;
			buildSettings = {
				ASSETCATALOG_COMPILER_APPICON_NAME = AppIcon;
				ASSETCATALOG_COMPILER_GLOBAL_ACCENT_COLOR_NAME = AccentColor;
				CODE_SIGN_STYLE = Automatic;
				CURRENT_PROJECT_VERSION = 1;
				DEVELOPMENT_ASSET_PATHS = "\"OpenArtificial intelligence/Preview Content\"";
				ENABLE_PREVIEWS = YES;
				GENERATE_INFOPLIST_FILE = YES;
				INFOPLIST_KEY_CFBundleDisplayName = "Open AI";
				INFOPLIST_KEY_UIApplicationSceneManifest_Generation = YES;
				INFOPLIST_KEY_UIApplicationSupportsIndirectInputEvents = YES;
				INFOPLIST_KEY_UILaunchScreen_Generation = YES;
				INFOPLIST_KEY_UISupportedInterfaceOrientations_iPad = "UIInterfaceOrientationPortrait UIInterfaceOrientationPortraitUpsideDown UIInterfaceOrientationLandscapeLeft UIInterfaceOrientationLandscapeRight";
				INFOPLIST_KEY_UISupportedInterfaceOrientations_iPhone = "UIInterfaceOrientationPortrait UIInterfaceOrientationLandscapeLeft UIInterfaceOrientationLandscapeRight";
				LD_RUNPATH_SEARCH_PATHS = (
					"$(inherited)",
					"@executable_path/Frameworks",
				);
				MARKETING_VERSION = 1.0;
				PRODUCT_BUNDLE_IDENTIFIER = "viewconroller.OpenArtificial-intelligence";
				PRODUCT_NAME = "$(TARGET_NAME)";
				SWIFT_EMIT_LOC_STRINGS = YES;
				SWIFT_VERSION = 5.0;
				TARGETED_DEVICE_FAMILY = "1,2";
			};
			name = Release;
		};
/* End XCBuildConfiguration section */

/* Begin XCConfigurationList section */
		70EE4CD02971698400DAFB02 /* Build configuration list for PBXProject "OpenArtificial intelligence" */ = {
			isa = XCConfigurationList;
			buildConfigurations = (
				70EE4CE12971698500DAFB02 /* Debug */,
				70EE4CE22971698500DAFB02 /* Release */,
			);
			defaultConfigurationIsVisible = 0;
			defaultConfigurationName = Release;
		};
		70EE4CE32971698500DAFB02 /* Build configuration list for PBXNativeTarget "OpenArtificial intelligence" */ = {
			isa = XCConfigurationList;
			buildConfigurations = (
				70EE4CE42971698500DAFB02 /* Debug */,
				70EE4CE52971698500DAFB02 /* Release */,
			);
			defaultConfigurationIsVisible = 0;
			defaultConfigurationName = Release;
		};
/* End XCConfigurationList section */

/* Begin XCRemoteSwiftPackageReference section */
		707E124929FBA8D900282A2E /* XCRemoteSwiftPackageReference "ChatGPTSwift" */ = {
			isa = XCRemoteSwiftPackageReference;
			repositoryURL = "https://github.com/alfianlosari/ChatGPTSwift.git";
			requirement = {
				branch = main;
				kind = branch;
			};
		};
		70EE4CF829716BCB00DAFB02 /* XCRemoteSwiftPackageReference "OpenAIKit" */ = {
			isa = XCRemoteSwiftPackageReference;
			repositoryURL = "https://github.com/MarcoDotIO/OpenAIKit.git";
			requirement = {
				branch = main;
				kind = branch;
			};
		};
/* End XCRemoteSwiftPackageReference section */

/* Begin XCSwiftPackageProductDependency section */
		707E124A29FBA8D900282A2E /* ChatGPTSwift */ = {
			isa = XCSwiftPackageProductDependency;
			package = 707E124929FBA8D900282A2E /* XCRemoteSwiftPackageReference "ChatGPTSwift" */;
			productName = ChatGPTSwift;
		};
		70EE4CF929716BCB00DAFB02 /* OpenAIKit */ = {
			isa = XCSwiftPackageProductDependency;
			package = 70EE4CF829716BCB00DAFB02 /* XCRemoteSwiftPackageReference "OpenAIKit" */;
			productName = OpenAIKit;
		};
/* End XCSwiftPackageProductDependency section */
	};
	rootObject = 70EE4CCD2971698400DAFB02 /* Project object */;
}
